
Microsoft Visual Studio Solution File, Format Version 12.00
# Visual Studio 15
VisualStudioVersion = 15.0.28307.168
MinimumVisualStudioVersion = 10.0.40219.1
Project("{2150E333-8FDC-42A3-9474-1A3956D46DE8}") = "Microservices", "Microservices", "{677BDC3F-065F-40AF-8951-CF765E840307}"
EndProject
Project("{2150E333-8FDC-42A3-9474-1A3956D46DE8}") = "Domain", "Domain", "{560424A3-0485-4939-8F23-BCD2285E06CA}"
EndProject
Project("{2150E333-8FDC-42A3-9474-1A3956D46DE8}") = "Infa.Bus", "Infa.Bus", "{D574B240-038C-4F6F-A112-58D32DDEF29C}"
EndProject
Project("{2150E333-8FDC-42A3-9474-1A3956D46DE8}") = "Infa.IoC", "Infa.IoC", "{8A1919B2-121F-462B-8645-0C9E536F16A8}"
EndProject
Project("{2150E333-8FDC-42A3-9474-1A3956D46DE8}") = "Presentation", "Presentation", "{4D038C2D-25C5-4FD5-9DE0-15AD7D74A457}"
EndProject
Global
	GlobalSection(SolutionProperties) = preSolution
		HideSolutionNode = FALSE
	EndGlobalSection
	GlobalSection(ExtensibilityGlobals) = postSolution
		SolutionGuid = {BF0012CF-0A16-4F01-B872-48E15FE6B625}
	EndGlobalSection
EndGlobal
